
Microsoft Visual Studio Solution File, Format Version 12.00
# Visual Studio 14
VisualStudioVersion = 14.0.25420.1
MinimumVisualStudioVersion = 10.0.40219.1
Project("{FAE04EC0-301F-11D3-BF4B-00C04F79EFBC}") = "MarsRoverKataApi", "MarsRoverKata\MarsRoverKataApi\MarsRoverKataApi.csproj", "{8A3A91ED-120F-42EB-8385-6C2B21D964FB}"
EndProject
Project("{FAE04EC0-301F-11D3-BF4B-00C04F79EFBC}") = "MarsRoverKataTests", "MarsRoverKataTests\MarsRoverKataTests.csproj", "{0051BF7B-CE27-4515-96B7-A0101A8630EE}"
EndProject
Global
	GlobalSection(SolutionConfigurationPlatforms) = preSolution
		Debug|Any CPU = Debug|Any CPU
		Release|Any CPU = Release|Any CPU
	EndGlobalSection
	GlobalSection(ProjectConfigurationPlatforms) = postSolution
		{8A3A91ED-120F-42EB-8385-6C2B21D964FB}.Debug|Any CPU.ActiveCfg = Debug|Any CPU
		{8A3A91ED-120F-42EB-8385-6C2B21D964FB}.Debug|Any CPU.Build.0 = Debug|Any CPU
		{8A3A91ED-120F-42EB-8385-6C2B21D964FB}.Release|Any CPU.ActiveCfg = Release|Any CPU
		{8A3A91ED-120F-42EB-8385-6C2B21D964FB}.Release|Any CPU.Build.0 = Release|Any CPU
		{0051BF7B-CE27-4515-96B7-A0101A8630EE}.Debug|Any CPU.ActiveCfg = Debug|Any CPU
		{0051BF7B-CE27-4515-96B7-A0101A8630EE}.Debug|Any CPU.Build.0 = Debug|Any CPU
		{0051BF7B-CE27-4515-96B7-A0101A8630EE}.Release|Any CPU.ActiveCfg = Release|Any CPU
		{0051BF7B-CE27-4515-96B7-A0101A8630EE}.Release|Any CPU.Build.0 = Release|Any CPU
	EndGlobalSection
	GlobalSection(SolutionProperties) = preSolution
		HideSolutionNode = FALSE
	EndGlobalSection
EndGlobal
